{
  "originHash" : "d042050d9267b51956754cd761ea49bc5732db18d7e93f51446fffa83773bf7f",
  "pins" : [
    {
      "identity" : "haishinkit.swift",
      "kind" : "remoteSourceControl",
      "location" : "https://github.com/HaishinKit/HaishinKit.swift",
      "state" : {
        "revision" : "1f5dc201b0ee0e79edd0270d1b6649c7cddf1a1e",
        "version" : "2.2.4"
      }
    },
    {
      "identity" : "logboard",
      "kind" : "remoteSourceControl",
      "location" : "https://github.com/shogo4405/Logboard.git",
      "state" : {
        "revision" : "8f41c63afb903040b77049ee2efa8c257b8c0d50",
        "version" : "2.6.0"
      }
    },
    {
      "identity" : "swift-upload-sdk",
      "kind" : "remoteSourceControl",
      "location" : "https://github.com/muxinc/swift-upload-sdk",
      "state" : {
        "branch" : "main",
        "revision" : "441d1abfc1169f45e6611a5675658f4177287ce6"
      }
    }
  ],
  "version" : 3
}
